
Microsoft Visual Studio Solution File, Format Version 12.00
# Visual Studio 15
VisualStudioVersion = 15.0.27428.1
MinimumVisualStudioVersion = 10.0.40219.1
Project("{9A19103F-16F7-4668-BE54-9A1E7A4F7556}") = "Dashboard.WebApi", "Dashboard.WebApi\Dashboard.WebApi.csproj", "{D7A9B4C5-768D-4954-8E0E-994B650B9327}"
EndProject
Project("{9A19103F-16F7-4668-BE54-9A1E7A4F7556}") = "Dashboard.Core", "Dashboard.Core\Dashboard.Core.csproj", "{C8C14C3A-90F1-439F-AA03-DE7871182D0F}"
EndProject
Project("{9A19103F-16F7-4668-BE54-9A1E7A4F7556}") = "Dashboard.Data", "Dashboard.Data\Dashboard.Data.csproj", "{D2A87016-7ED0-4FA3-9EEC-49DCFC7ECBA0}"
EndProject
Project("{9A19103F-16F7-4668-BE54-9A1E7A4F7556}") = "Dashboard.Application", "Dashboard.Application\Dashboard.Application.csproj", "{8E54AFFB-0E22-407B-9279-CDEAE951BADE}"
EndProject
Project("{E53339B2-1760-4266-BCC7-CA923CBCF16C}") = "docker-compose", "docker-compose.dcproj", "{5F15A5E0-ACEC-4A83-9B7D-53EA36B272D9}"
EndProject
Global
	GlobalSection(SolutionConfigurationPlatforms) = preSolution
		Debug|Any CPU = Debug|Any CPU
		Release|Any CPU = Release|Any CPU
	EndGlobalSection
	GlobalSection(ProjectConfigurationPlatforms) = postSolution
		{D7A9B4C5-768D-4954-8E0E-994B650B9327}.Debug|Any CPU.ActiveCfg = Debug|Any CPU
		{D7A9B4C5-768D-4954-8E0E-994B650B9327}.Debug|Any CPU.Build.0 = Debug|Any CPU
		{D7A9B4C5-768D-4954-8E0E-994B650B9327}.Release|Any CPU.ActiveCfg = Release|Any CPU
		{D7A9B4C5-768D-4954-8E0E-994B650B9327}.Release|Any CPU.Build.0 = Release|Any CPU
		{C8C14C3A-90F1-439F-AA03-DE7871182D0F}.Debug|Any CPU.ActiveCfg = Debug|Any CPU
		{C8C14C3A-90F1-439F-AA03-DE7871182D0F}.Debug|Any CPU.Build.0 = Debug|Any CPU
		{C8C14C3A-90F1-439F-AA03-DE7871182D0F}.Release|Any CPU.ActiveCfg = Release|Any CPU
		{C8C14C3A-90F1-439F-AA03-DE7871182D0F}.Release|Any CPU.Build.0 = Release|Any CPU
		{D2A87016-7ED0-4FA3-9EEC-49DCFC7ECBA0}.Debug|Any CPU.ActiveCfg = Debug|Any CPU
		{D2A87016-7ED0-4FA3-9EEC-49DCFC7ECBA0}.Debug|Any CPU.Build.0 = Debug|Any CPU
		{D2A87016-7ED0-4FA3-9EEC-49DCFC7ECBA0}.Release|Any CPU.ActiveCfg = Release|Any CPU
		{D2A87016-7ED0-4FA3-9EEC-49DCFC7ECBA0}.Release|Any CPU.Build.0 = Release|Any CPU
		{8E54AFFB-0E22-407B-9279-CDEAE951BADE}.Debug|Any CPU.ActiveCfg = Debug|Any CPU
		{8E54AFFB-0E22-407B-9279-CDEAE951BADE}.Debug|Any CPU.Build.0 = Debug|Any CPU
		{8E54AFFB-0E22-407B-9279-CDEAE951BADE}.Release|Any CPU.ActiveCfg = Release|Any CPU
		{8E54AFFB-0E22-407B-9279-CDEAE951BADE}.Release|Any CPU.Build.0 = Release|Any CPU
		{5F15A5E0-ACEC-4A83-9B7D-53EA36B272D9}.Debug|Any CPU.ActiveCfg = Debug|Any CPU
		{5F15A5E0-ACEC-4A83-9B7D-53EA36B272D9}.Debug|Any CPU.Build.0 = Debug|Any CPU
		{5F15A5E0-ACEC-4A83-9B7D-53EA36B272D9}.Release|Any CPU.ActiveCfg = Release|Any CPU
		{5F15A5E0-ACEC-4A83-9B7D-53EA36B272D9}.Release|Any CPU.Build.0 = Release|Any CPU
	EndGlobalSection
	GlobalSection(SolutionProperties) = preSolution
		HideSolutionNode = FALSE
	EndGlobalSection
	GlobalSection(ExtensibilityGlobals) = postSolution
		SolutionGuid = {DEB4BD84-0CA8-4B6E-A8F6-C13EE300DCE9}
	EndGlobalSection
EndGlobal
